
Microsoft Visual Studio Solution File, Format Version 12.00
# Visual Studio Version 17
VisualStudioVersion = 17.1.32421.90
MinimumVisualStudioVersion = 10.0.40219.1
Project("{FAE04EC0-301F-11D3-BF4B-00C04F79EFBC}") = "CaixaEletronico", "CaixaEletronico\CaixaEletronico.csproj", "{FA4C7725-5928-41B0-9D2F-CD67AFF4015F}"
EndProject
Global
	GlobalSection(SolutionConfigurationPlatforms) = preSolution
		Debug|Any CPU = Debug|Any CPU
		Release|Any CPU = Release|Any CPU
	EndGlobalSection
	GlobalSection(ProjectConfigurationPlatforms) = postSolution
		{FA4C7725-5928-41B0-9D2F-CD67AFF4015F}.Debug|Any CPU.ActiveCfg = Debug|Any CPU
		{FA4C7725-5928-41B0-9D2F-CD67AFF4015F}.Debug|Any CPU.Build.0 = Debug|Any CPU
		{FA4C7725-5928-41B0-9D2F-CD67AFF4015F}.Release|Any CPU.ActiveCfg = Release|Any CPU
		{FA4C7725-5928-41B0-9D2F-CD67AFF4015F}.Release|Any CPU.Build.0 = Release|Any CPU
	EndGlobalSection
	GlobalSection(SolutionProperties) = preSolution
		HideSolutionNode = FALSE
	EndGlobalSection
	GlobalSection(ExtensibilityGlobals) = postSolution
		SolutionGuid = {E9278F1D-EB38-43C1-826F-B9E600E07937}
	EndGlobalSection
EndGlobal
